
Microsoft Visual Studio Solution File, Format Version 12.00
# Visual Studio 15
Project("{FAE04EC0-301F-11D3-BF4B-00C04F79EFBC}") = "Assembly-CSharp", "Assembly-CSharp.csproj", "{82D43750-74F5-F64C-D395-7EA5A4B1021B}"
EndProject
Project("{FAE04EC0-301F-11D3-BF4B-00C04F79EFBC}") = "Assembly-CSharp-firstpass", "Assembly-CSharp-firstpass.csproj", "{5F083E3C-1BAB-9846-12F8-3B3341546E6C}"
EndProject
Project("{FAE04EC0-301F-11D3-BF4B-00C04F79EFBC}") = "Assembly-CSharp-Editor", "Assembly-CSharp-Editor.csproj", "{7F14D527-2135-D888-5D22-6120D2CD4C90}"
EndProject
Project("{FAE04EC0-301F-11D3-BF4B-00C04F79EFBC}") = "Assembly-CSharp-Editor-firstpass", "Assembly-CSharp-Editor-firstpass.csproj", "{CEF06F94-1B13-B1FF-1CD6-A7DDBEFC0EA4}"
EndProject
Global
	GlobalSection(SolutionConfigurationPlatforms) = preSolution
		Debug|Any CPU = Debug|Any CPU
		Release|Any CPU = Release|Any CPU
	EndGlobalSection
	GlobalSection(ProjectConfigurationPlatforms) = postSolution
		{82D43750-74F5-F64C-D395-7EA5A4B1021B}.Debug|Any CPU.ActiveCfg = Debug|Any CPU
		{82D43750-74F5-F64C-D395-7EA5A4B1021B}.Debug|Any CPU.Build.0 = Debug|Any CPU
		{82D43750-74F5-F64C-D395-7EA5A4B1021B}.Release|Any CPU.ActiveCfg = Release|Any CPU
		{82D43750-74F5-F64C-D395-7EA5A4B1021B}.Release|Any CPU.Build.0 = Release|Any CPU
		{5F083E3C-1BAB-9846-12F8-3B3341546E6C}.Debug|Any CPU.ActiveCfg = Debug|Any CPU
		{5F083E3C-1BAB-9846-12F8-3B3341546E6C}.Debug|Any CPU.Build.0 = Debug|Any CPU
		{5F083E3C-1BAB-9846-12F8-3B3341546E6C}.Release|Any CPU.ActiveCfg = Release|Any CPU
		{5F083E3C-1BAB-9846-12F8-3B3341546E6C}.Release|Any CPU.Build.0 = Release|Any CPU
		{7F14D527-2135-D888-5D22-6120D2CD4C90}.Debug|Any CPU.ActiveCfg = Debug|Any CPU
		{7F14D527-2135-D888-5D22-6120D2CD4C90}.Debug|Any CPU.Build.0 = Debug|Any CPU
		{7F14D527-2135-D888-5D22-6120D2CD4C90}.Release|Any CPU.ActiveCfg = Release|Any CPU
		{7F14D527-2135-D888-5D22-6120D2CD4C90}.Release|Any CPU.Build.0 = Release|Any CPU
		{CEF06F94-1B13-B1FF-1CD6-A7DDBEFC0EA4}.Debug|Any CPU.ActiveCfg = Debug|Any CPU
		{CEF06F94-1B13-B1FF-1CD6-A7DDBEFC0EA4}.Debug|Any CPU.Build.0 = Debug|Any CPU
		{CEF06F94-1B13-B1FF-1CD6-A7DDBEFC0EA4}.Release|Any CPU.ActiveCfg = Release|Any CPU
		{CEF06F94-1B13-B1FF-1CD6-A7DDBEFC0EA4}.Release|Any CPU.Build.0 = Release|Any CPU
	EndGlobalSection
	GlobalSection(SolutionProperties) = preSolution
		HideSolutionNode = FALSE
	EndGlobalSection
EndGlobal
